
Microsoft Visual Studio Solution File, Format Version 12.00
# Visual Studio 15
VisualStudioVersion = 15.0.27520.0
MinimumVisualStudioVersion = 10.0.40219.1
Project("{FAE04EC0-301F-11D3-BF4B-00C04F79EFBC}") = "ImageProcess", "ImageProcess\ImageProcess.csproj", "{50D6F8E1-E931-4FB2-A82C-447AF76A3AC9}"
EndProject
Global
	GlobalSection(SolutionConfigurationPlatforms) = preSolution
		Debug|Any CPU = Debug|Any CPU
		Release|Any CPU = Release|Any CPU
	EndGlobalSection
	GlobalSection(ProjectConfigurationPlatforms) = postSolution
		{50D6F8E1-E931-4FB2-A82C-447AF76A3AC9}.Debug|Any CPU.ActiveCfg = Debug|Any CPU
		{50D6F8E1-E931-4FB2-A82C-447AF76A3AC9}.Debug|Any CPU.Build.0 = Debug|Any CPU
		{50D6F8E1-E931-4FB2-A82C-447AF76A3AC9}.Release|Any CPU.ActiveCfg = Release|Any CPU
		{50D6F8E1-E931-4FB2-A82C-447AF76A3AC9}.Release|Any CPU.Build.0 = Release|Any CPU
	EndGlobalSection
	GlobalSection(SolutionProperties) = preSolution
		HideSolutionNode = FALSE
	EndGlobalSection
	GlobalSection(ExtensibilityGlobals) = postSolution
		SolutionGuid = {A990C040-EBEB-47E2-AF9E-C323BD95AC89}
	EndGlobalSection
EndGlobal
